
Microsoft Visual Studio Solution File, Format Version 12.00
# Visual Studio Version 16
VisualStudioVersion = 16.0.31424.327
MinimumVisualStudioVersion = 10.0.40219.1
Project("{FAE04EC0-301F-11D3-BF4B-00C04F79EFBC}") = "WindowsFormsApp1", "WindowsFormsApp1\WindowsFormsApp1.csproj", "{3BDF8F49-E2DC-4E44-B5B7-FFCD6FE60F24}"
EndProject
Global
	GlobalSection(SolutionConfigurationPlatforms) = preSolution
		Debug|Any CPU = Debug|Any CPU
		Release|Any CPU = Release|Any CPU
	EndGlobalSection
	GlobalSection(ProjectConfigurationPlatforms) = postSolution
		{3BDF8F49-E2DC-4E44-B5B7-FFCD6FE60F24}.Debug|Any CPU.ActiveCfg = Debug|Any CPU
		{3BDF8F49-E2DC-4E44-B5B7-FFCD6FE60F24}.Debug|Any CPU.Build.0 = Debug|Any CPU
		{3BDF8F49-E2DC-4E44-B5B7-FFCD6FE60F24}.Release|Any CPU.ActiveCfg = Release|Any CPU
		{3BDF8F49-E2DC-4E44-B5B7-FFCD6FE60F24}.Release|Any CPU.Build.0 = Release|Any CPU
	EndGlobalSection
	GlobalSection(SolutionProperties) = preSolution
		HideSolutionNode = FALSE
	EndGlobalSection
	GlobalSection(ExtensibilityGlobals) = postSolution
		SolutionGuid = {32A93C9E-FF49-4ED3-AADE-8EF12D8916EC}
	EndGlobalSection
EndGlobal
