
Microsoft Visual Studio Solution File, Format Version 12.00
# Visual Studio Version 16
VisualStudioVersion = 16.0.31424.327
MinimumVisualStudioVersion = 10.0.40219.1
Project("{FAE04EC0-301F-11D3-BF4B-00C04F79EFBC}") = "userform", "userform\userform.csproj", "{48DA430E-08E2-49E2-B758-6C873350674D}"
EndProject
Global
	GlobalSection(SolutionConfigurationPlatforms) = preSolution
		Debug|Any CPU = Debug|Any CPU
		Release|Any CPU = Release|Any CPU
	EndGlobalSection
	GlobalSection(ProjectConfigurationPlatforms) = postSolution
		{48DA430E-08E2-49E2-B758-6C873350674D}.Debug|Any CPU.ActiveCfg = Debug|Any CPU
		{48DA430E-08E2-49E2-B758-6C873350674D}.Debug|Any CPU.Build.0 = Debug|Any CPU
		{48DA430E-08E2-49E2-B758-6C873350674D}.Release|Any CPU.ActiveCfg = Release|Any CPU
		{48DA430E-08E2-49E2-B758-6C873350674D}.Release|Any CPU.Build.0 = Release|Any CPU
	EndGlobalSection
	GlobalSection(SolutionProperties) = preSolution
		HideSolutionNode = FALSE
	EndGlobalSection
	GlobalSection(ExtensibilityGlobals) = postSolution
		SolutionGuid = {4A8D72D1-020C-4AB0-831A-896EBEE5B407}
	EndGlobalSection
EndGlobal
