
Microsoft Visual Studio Solution File, Format Version 12.00
# Visual Studio Version 16
VisualStudioVersion = 16.0.31424.327
MinimumVisualStudioVersion = 10.0.40219.1
Project("{FAE04EC0-301F-11D3-BF4B-00C04F79EFBC}") = "Array", "Array\Array.csproj", "{22CC6AD1-29FC-41DC-A201-E16060498DCC}"
EndProject
Global
	GlobalSection(SolutionConfigurationPlatforms) = preSolution
		Debug|Any CPU = Debug|Any CPU
		Release|Any CPU = Release|Any CPU
	EndGlobalSection
	GlobalSection(ProjectConfigurationPlatforms) = postSolution
		{22CC6AD1-29FC-41DC-A201-E16060498DCC}.Debug|Any CPU.ActiveCfg = Debug|Any CPU
		{22CC6AD1-29FC-41DC-A201-E16060498DCC}.Debug|Any CPU.Build.0 = Debug|Any CPU
		{22CC6AD1-29FC-41DC-A201-E16060498DCC}.Release|Any CPU.ActiveCfg = Release|Any CPU
		{22CC6AD1-29FC-41DC-A201-E16060498DCC}.Release|Any CPU.Build.0 = Release|Any CPU
	EndGlobalSection
	GlobalSection(SolutionProperties) = preSolution
		HideSolutionNode = FALSE
	EndGlobalSection
	GlobalSection(ExtensibilityGlobals) = postSolution
		SolutionGuid = {2E31EC18-A8B5-46FD-A780-F4CBBD0A4D29}
	EndGlobalSection
EndGlobal
