
Microsoft Visual Studio Solution File, Format Version 12.00
# Visual Studio Version 16
VisualStudioVersion = 16.0.31424.327
MinimumVisualStudioVersion = 10.0.40219.1
Project("{FAE04EC0-301F-11D3-BF4B-00C04F79EFBC}") = "dictionary", "dictionary\dictionary.csproj", "{708F2753-4C23-4A44-8CA1-5D93B1544C87}"
EndProject
Global
	GlobalSection(SolutionConfigurationPlatforms) = preSolution
		Debug|Any CPU = Debug|Any CPU
		Release|Any CPU = Release|Any CPU
	EndGlobalSection
	GlobalSection(ProjectConfigurationPlatforms) = postSolution
		{708F2753-4C23-4A44-8CA1-5D93B1544C87}.Debug|Any CPU.ActiveCfg = Debug|Any CPU
		{708F2753-4C23-4A44-8CA1-5D93B1544C87}.Debug|Any CPU.Build.0 = Debug|Any CPU
		{708F2753-4C23-4A44-8CA1-5D93B1544C87}.Release|Any CPU.ActiveCfg = Release|Any CPU
		{708F2753-4C23-4A44-8CA1-5D93B1544C87}.Release|Any CPU.Build.0 = Release|Any CPU
	EndGlobalSection
	GlobalSection(SolutionProperties) = preSolution
		HideSolutionNode = FALSE
	EndGlobalSection
	GlobalSection(ExtensibilityGlobals) = postSolution
		SolutionGuid = {563FCF5D-7663-43CF-B419-0A76B88A4F1B}
	EndGlobalSection
EndGlobal
